<?xml version="1.0" encoding="utf-8"?>
<Project ToolsVersion="4.0" xmlns="http://schemas.microsoft.com/developer/msbuild/2003">
  <ItemGroup>
    <Filter Include="Source Files">
      <UniqueIdentifier>{4FC737F1-C7A5-4376-A066-2A32D752A2FF}</UniqueIdentifier>
      <Extensions>cpp;c;cc;cxx;def;odl;idl;hpj;bat;asm;asmx</Extensions>
    </Filter>
    <Filter Include="Header Files">
      <UniqueIdentifier>{93995380-89BD-4b04-88EB-625FBE52EBFB}</UniqueIdentifier>
      <Extensions>h;hpp;hxx;hm;inl;inc;xsd</Extensions>
    </Filter>
    <Filter Include="Resource Files">
      <UniqueIdentifier>{67DA6AB6-F800-4c08-8B7A-83BB121AAD01}</UniqueIdentifier>
      <Extensions>rc;ico;cur;bmp;dlg;rc2;rct;bin;rgs;gif;jpg;jpeg;jpe;resx;tiff;tif;png;wav;mfcribbon-ms</Extensions>
    </Filter>
    <Filter Include="Source Files\ParticleSys">
      <UniqueIdentifier>{96182005-8552-49a2-90e9-e45896197e7d}</UniqueIdentifier>
    </Filter>
  </ItemGroup>
  <ItemGroup>
    <None Include="ReadMe.txt" />
  </ItemGroup>
  <ItemGroup>
    <ClInclude Include="stdafx.h">
      <Filter>Header Files</Filter>
    </ClInclude>
    <ClInclude Include="targetver.h">
      <Filter>Header Files</Filter>
    </ClInclude>
    <ClInclude Include="Parti\include\gfx\config.h">
      <Filter>Header Files</Filter>
    </ClInclude>
    <ClInclude Include="Parti\include\gfx\geom3d.h">
      <Filter>Header Files</Filter>
    </ClInclude>
    <ClInclude Include="Parti\include\gfx\geom4d.h">
      <Filter>Header Files</Filter>
    </ClInclude>
    <ClInclude Include="Parti\include\gfx\gfx.h">
      <Filter>Header Files</Filter>
    </ClInclude>
    <ClInclude Include="Parti\include\gfx\mat2.h">
      <Filter>Header Files</Filter>
    </ClInclude>
    <ClInclude Include="Parti\include\gfx\mat3.h">
      <Filter>Header Files</Filter>
    </ClInclude>
    <ClInclude Include="Parti\include\gfx\mat4.h">
      <Filter>Header Files</Filter>
    </ClInclude>
    <ClInclude Include="Parti\include\gfx\quat.h">
      <Filter>Header Files</Filter>
    </ClInclude>
    <ClInclude Include="Parti\include\gfx\symmat2.h">
      <Filter>Header Files</Filter>
    </ClInclude>
    <ClInclude Include="Parti\include\gfx\symmat3.h">
      <Filter>Header Files</Filter>
    </ClInclude>
    <ClInclude Include="Parti\include\gfx\symmat4.h">
      <Filter>Header Files</Filter>
    </ClInclude>
    <ClInclude Include="Parti\include\gfx\vec2.h">
      <Filter>Header Files</Filter>
    </ClInclude>
    <ClInclude Include="Parti\include\gfx\vec3.h">
      <Filter>Header Files</Filter>
    </ClInclude>
    <ClInclude Include="Parti\include\gfx\vec4.h">
      <Filter>Header Files</Filter>
    </ClInclude>
    <ClInclude Include="..\include\GL\GL.h">
      <Filter>Header Files</Filter>
    </ClInclude>
    <ClInclude Include="..\include\GL\GLU.h">
      <Filter>Header Files</Filter>
    </ClInclude>
    <ClInclude Include="..\include\GL\glut.h">
      <Filter>Header Files</Filter>
    </ClInclude>
    <ClInclude Include="source\CircularWireConstraint.h">
      <Filter>Source Files</Filter>
    </ClInclude>
    <ClInclude Include="source\imageio.h">
      <Filter>Source Files</Filter>
    </ClInclude>
    <ClInclude Include="source\RodConstraint.h">
      <Filter>Source Files</Filter>
    </ClInclude>
    <ClInclude Include="source\Particle.h">
      <Filter>Source Files\ParticleSys</Filter>
    </ClInclude>
    <ClInclude Include="source\SpringForce.h">
      <Filter>Source Files\ParticleSys</Filter>
    </ClInclude>
    <ClInclude Include="source\linearSolver.h">
      <Filter>Source Files\ParticleSys</Filter>
    </ClInclude>
  </ItemGroup>
  <ItemGroup>
    <ClCompile Include="stdafx.cpp">
      <Filter>Source Files</Filter>
    </ClCompile>
    <ClCompile Include="source\CircularWireConstraint.cpp">
      <Filter>Source Files</Filter>
    </ClCompile>
    <ClCompile Include="source\imageio.cpp">
      <Filter>Source Files</Filter>
    </ClCompile>
    <ClCompile Include="source\RodConstraint.cpp">
      <Filter>Source Files</Filter>
    </ClCompile>
    <ClCompile Include="source\TinkerToy.cpp">
      <Filter>Source Files</Filter>
    </ClCompile>
    <ClCompile Include="source\Particle.cpp">
      <Filter>Source Files\ParticleSys</Filter>
    </ClCompile>
    <ClCompile Include="source\Solver.cpp">
      <Filter>Source Files\ParticleSys</Filter>
    </ClCompile>
    <ClCompile Include="source\SpringForce.cpp">
      <Filter>Source Files\ParticleSys</Filter>
    </ClCompile>
    <ClCompile Include="source\linearSolver.cpp">
      <Filter>Source Files\ParticleSys</Filter>
    </ClCompile>
  </ItemGroup>
</Project>