<?xml version="1.0" encoding="utf-8"?>
<Project ToolsVersion="4.0" xmlns="http://schemas.microsoft.com/developer/msbuild/2003">
  <ItemGroup>
    <Filter Include="Source Files">
      <UniqueIdentifier>{4FC737F1-C7A5-4376-A066-2A32D752A2FF}</UniqueIdentifier>
      <Extensions>cpp;c;cc;cxx;def;odl;idl;hpj;bat;asm;asmx</Extensions>
    </Filter>
    <Filter Include="Header Files">
      <UniqueIdentifier>{93995380-89BD-4b04-88EB-625FBE52EBFB}</UniqueIdentifier>
      <Extensions>h;hpp;hxx;hm;inl;inc;xsd</Extensions>
    </Filter>
    <Filter Include="Resource Files">
      <UniqueIdentifier>{67DA6AB6-F800-4c08-8B7A-83BB121AAD01}</UniqueIdentifier>
      <Extensions>rc;ico;cur;bmp;dlg;rc2;rct;bin;rgs;gif;jpg;jpeg;jpe;resx;tiff;tif;png;wav;mfcribbon-ms</Extensions>
    </Filter>
    <Filter Include="Source Files\Main">
      <UniqueIdentifier>{c86dd430-a4d5-4306-96a6-9f4c688e31cc}</UniqueIdentifier>
    </Filter>
    <Filter Include="Source Files\Cloth">
      <UniqueIdentifier>{eb86bff4-356a-4531-9c9b-9a0061c15301}</UniqueIdentifier>
    </Filter>
    <Filter Include="Source Files\Integrators">
      <UniqueIdentifier>{02085723-f4f7-4984-bee2-2b9bab7a8d24}</UniqueIdentifier>
    </Filter>
    <Filter Include="Source Files\Particle">
      <UniqueIdentifier>{bf9b7697-576a-4590-a28c-4c0443568822}</UniqueIdentifier>
    </Filter>
    <Filter Include="Source Files\Vector">
      <UniqueIdentifier>{09ed1841-e831-436b-b676-349d3d446a6b}</UniqueIdentifier>
    </Filter>
    <Filter Include="Source Files\Particle\tmp">
      <UniqueIdentifier>{52352ab4-8088-4486-b56d-79f04a2a4add}</UniqueIdentifier>
    </Filter>
    <Filter Include="Source Files\Graphic">
      <UniqueIdentifier>{3410ae1a-f5bd-4c44-8001-e157426ea818}</UniqueIdentifier>
    </Filter>
    <Filter Include="Source Files\Graphic\fonts">
      <UniqueIdentifier>{181b7f94-9a25-4aae-8c90-3c3f4eff2456}</UniqueIdentifier>
    </Filter>
    <Filter Include="Source Files\Integrators\tmp">
      <UniqueIdentifier>{6644da1f-3c26-4aa2-82e1-1bf7d28785a3}</UniqueIdentifier>
    </Filter>
  </ItemGroup>
  <ItemGroup>
    <None Include="ReadMe.txt" />
    <None Include="source\Graphics\fonts\gentium.txf">
      <Filter>Source Files\Graphic\fonts</Filter>
    </None>
  </ItemGroup>
  <ItemGroup>
    <ClInclude Include="include\glut.h">
      <Filter>Header Files</Filter>
    </ClInclude>
    <ClInclude Include="source\imageio.h">
      <Filter>Source Files\Main</Filter>
    </ClInclude>
    <ClInclude Include="source\Camera.h">
      <Filter>Source Files\Main</Filter>
    </ClInclude>
    <ClInclude Include="source\Vector\Box.hpp">
      <Filter>Source Files\Vector</Filter>
    </ClInclude>
    <ClInclude Include="source\Vector\Matrix.hpp">
      <Filter>Source Files\Vector</Filter>
    </ClInclude>
    <ClInclude Include="source\Vector\Misc.hpp">
      <Filter>Source Files\Vector</Filter>
    </ClInclude>
    <ClInclude Include="source\Vector\Quat.hpp">
      <Filter>Source Files\Vector</Filter>
    </ClInclude>
    <ClInclude Include="source\Vector\QuatGL.hpp">
      <Filter>Source Files\Vector</Filter>
    </ClInclude>
    <ClInclude Include="source\Vector\RootedVector.hpp">
      <Filter>Source Files\Vector</Filter>
    </ClInclude>
    <ClInclude Include="source\Vector\Vector.hpp">
      <Filter>Source Files\Vector</Filter>
    </ClInclude>
    <ClInclude Include="source\Vector\VectorGL.hpp">
      <Filter>Source Files\Vector</Filter>
    </ClInclude>
    <ClInclude Include="source\Particle\tmp\Constrain.hpp">
      <Filter>Source Files\Particle\tmp</Filter>
    </ClInclude>
    <ClInclude Include="source\Particle\tmp\Force.hpp">
      <Filter>Source Files\Particle\tmp</Filter>
    </ClInclude>
    <ClInclude Include="source\Particle\tmp\GravityForce.hpp">
      <Filter>Source Files\Particle\tmp</Filter>
    </ClInclude>
    <ClInclude Include="source\Particle\tmp\Particle.hpp">
      <Filter>Source Files\Particle\tmp</Filter>
    </ClInclude>
    <ClInclude Include="source\Particle\tmp\PointConstrain.hpp">
      <Filter>Source Files\Particle\tmp</Filter>
    </ClInclude>
    <ClInclude Include="source\Particle\tmp\SpringForce.hpp">
      <Filter>Source Files\Particle\tmp</Filter>
    </ClInclude>
    <ClInclude Include="source\Particle\tmp\WindForce.hpp">
      <Filter>Source Files\Particle\tmp</Filter>
    </ClInclude>
    <ClInclude Include="source\Particle\Particle.h">
      <Filter>Source Files\Particle</Filter>
    </ClInclude>
    <ClInclude Include="source\Graphics\Cache.hpp">
      <Filter>Source Files\Graphic</Filter>
    </ClInclude>
    <ClInclude Include="source\Graphics\Font.hpp">
      <Filter>Source Files\Graphic</Filter>
    </ClInclude>
    <ClInclude Include="source\Graphics\FrameDumper.hpp">
      <Filter>Source Files\Graphic</Filter>
    </ClInclude>
    <ClInclude Include="source\Graphics\glext.h">
      <Filter>Source Files\Graphic</Filter>
    </ClInclude>
    <ClInclude Include="source\Graphics\GLExtensions.hpp">
      <Filter>Source Files\Graphic</Filter>
    </ClInclude>
    <ClInclude Include="source\Graphics\GLSLShader.hpp">
      <Filter>Source Files\Graphic</Filter>
    </ClInclude>
    <ClInclude Include="source\Graphics\Graphics.hpp">
      <Filter>Source Files\Graphic</Filter>
    </ClInclude>
    <ClInclude Include="source\Graphics\Material.hpp">
      <Filter>Source Files\Graphic</Filter>
    </ClInclude>
    <ClInclude Include="source\Graphics\ShadowStencil.hpp">
      <Filter>Source Files\Graphic</Filter>
    </ClInclude>
    <ClInclude Include="source\Graphics\texfont.h">
      <Filter>Source Files\Graphic</Filter>
    </ClInclude>
    <ClInclude Include="source\Graphics\Texture.hpp">
      <Filter>Source Files\Graphic</Filter>
    </ClInclude>
    <ClInclude Include="source\Integrators\tmp\EulerIntegrater.hpp">
      <Filter>Source Files\Integrators\tmp</Filter>
    </ClInclude>
    <ClInclude Include="source\Integrators\tmp\VerletIntegrater.hpp">
      <Filter>Source Files\Integrators\tmp</Filter>
    </ClInclude>
    <ClInclude Include="source\Integrators\linearSolver.h">
      <Filter>Source Files\Integrators</Filter>
    </ClInclude>
    <ClInclude Include="include\config-vc.h">
      <Filter>Header Files</Filter>
    </ClInclude>
    <ClInclude Include="include\config.h">
      <Filter>Header Files</Filter>
    </ClInclude>
    <ClInclude Include="source\Vector\geom3d.h">
      <Filter>Header Files</Filter>
    </ClInclude>
    <ClInclude Include="source\Vector\geom4d.h">
      <Filter>Header Files</Filter>
    </ClInclude>
    <ClInclude Include="include\gfx.h">
      <Filter>Header Files</Filter>
    </ClInclude>
    <ClInclude Include="source\Vector\mat2.h">
      <Filter>Header Files</Filter>
    </ClInclude>
    <ClInclude Include="source\Vector\mat3.h">
      <Filter>Header Files</Filter>
    </ClInclude>
    <ClInclude Include="source\Vector\mat4.h">
      <Filter>Header Files</Filter>
    </ClInclude>
    <ClInclude Include="source\Vector\quat.h">
      <Filter>Header Files</Filter>
    </ClInclude>
    <ClInclude Include="source\Vector\symmat2.h">
      <Filter>Header Files</Filter>
    </ClInclude>
    <ClInclude Include="source\Vector\symmat3.h">
      <Filter>Header Files</Filter>
    </ClInclude>
    <ClInclude Include="source\Vector\symmat4.h">
      <Filter>Header Files</Filter>
    </ClInclude>
    <ClInclude Include="source\Vector\vec2.h">
      <Filter>Header Files</Filter>
    </ClInclude>
    <ClInclude Include="source\Vector\vec3.h">
      <Filter>Header Files</Filter>
    </ClInclude>
    <ClInclude Include="source\Vector\vec4.h">
      <Filter>Header Files</Filter>
    </ClInclude>
    <ClInclude Include="source\Particle\Force\Force.hpp">
      <Filter>Header Files</Filter>
    </ClInclude>
    <ClInclude Include="source\Particle\Force\SpringForce.h">
      <Filter>Header Files</Filter>
    </ClInclude>
    <ClInclude Include="source\Particle\Force\Gravity.h">
      <Filter>Header Files</Filter>
    </ClInclude>
    <ClInclude Include="source\Integrators\Integrator.hpp">
      <Filter>Header Files</Filter>
    </ClInclude>
    <ClInclude Include="source\Integrators\Solver.hpp">
      <Filter>Header Files</Filter>
    </ClInclude>
    <ClInclude Include="source\Integrators\ImplicitIntegrator.h">
      <Filter>Header Files</Filter>
    </ClInclude>
    <ClInclude Include="source\Particle\Constraint\CircularWireConstraint.h">
      <Filter>Header Files</Filter>
    </ClInclude>
    <ClInclude Include="source\Particle\Constraint\Constraint.hpp">
      <Filter>Header Files</Filter>
    </ClInclude>
    <ClInclude Include="source\Particle\Constraint\RodConstraint.h">
      <Filter>Header Files</Filter>
    </ClInclude>
    <ClInclude Include="source\Integrators\EulerIntegrator.hpp">
      <Filter>Header Files</Filter>
    </ClInclude>
    <ClInclude Include="source\Integrators\MidPointIntegrator.hpp">
      <Filter>Header Files</Filter>
    </ClInclude>
    <ClInclude Include="source\Integrators\RungeKutta.hpp">
      <Filter>Header Files</Filter>
    </ClInclude>
    <ClInclude Include="source\common.h">
      <Filter>Header Files</Filter>
    </ClInclude>
    <ClInclude Include="source\Integrators\ConstraintSolver.hpp">
      <Filter>Header Files</Filter>
    </ClInclude>
  </ItemGroup>
  <ItemGroup>
    <ClCompile Include="source\imageio.cpp">
      <Filter>Source Files\Main</Filter>
    </ClCompile>
    <ClCompile Include="source\TinkerToy.cpp">
      <Filter>Source Files\Main</Filter>
    </ClCompile>
    <ClCompile Include="stdafx.cpp">
      <Filter>Source Files\Main</Filter>
    </ClCompile>
    <ClCompile Include="source\Camera.cpp">
      <Filter>Source Files\Main</Filter>
    </ClCompile>
    <ClCompile Include="source\Particle\tmp\Constrain.cpp">
      <Filter>Source Files\Particle\tmp</Filter>
    </ClCompile>
    <ClCompile Include="source\Particle\tmp\Force.cpp">
      <Filter>Source Files\Particle\tmp</Filter>
    </ClCompile>
    <ClCompile Include="source\Particle\tmp\GravityForce.cpp">
      <Filter>Source Files\Particle\tmp</Filter>
    </ClCompile>
    <ClCompile Include="source\Particle\tmp\Particle.cpp">
      <Filter>Source Files\Particle\tmp</Filter>
    </ClCompile>
    <ClCompile Include="source\Particle\tmp\PointConstrain.cpp">
      <Filter>Source Files\Particle\tmp</Filter>
    </ClCompile>
    <ClCompile Include="source\Particle\tmp\SpringForce.cpp">
      <Filter>Source Files\Particle\tmp</Filter>
    </ClCompile>
    <ClCompile Include="source\Particle\tmp\WindForce.cpp">
      <Filter>Source Files\Particle\tmp</Filter>
    </ClCompile>
    <ClCompile Include="source\Particle\Particle.cpp">
      <Filter>Source Files\Particle</Filter>
    </ClCompile>
    <ClCompile Include="source\Graphics\Cache.cpp">
      <Filter>Source Files\Graphic</Filter>
    </ClCompile>
    <ClCompile Include="source\Graphics\Font.cpp">
      <Filter>Source Files\Graphic</Filter>
    </ClCompile>
    <ClCompile Include="source\Graphics\FrameDumper.cpp">
      <Filter>Source Files\Graphic</Filter>
    </ClCompile>
    <ClCompile Include="source\Graphics\GLExtensions.cpp">
      <Filter>Source Files\Graphic</Filter>
    </ClCompile>
    <ClCompile Include="source\Graphics\GLSLShader.cpp">
      <Filter>Source Files\Graphic</Filter>
    </ClCompile>
    <ClCompile Include="source\Graphics\Graphics.cpp">
      <Filter>Source Files\Graphic</Filter>
    </ClCompile>
    <ClCompile Include="source\Graphics\ShadowStencil.cpp">
      <Filter>Source Files\Graphic</Filter>
    </ClCompile>
    <ClCompile Include="source\Graphics\texfont.c">
      <Filter>Source Files\Graphic</Filter>
    </ClCompile>
    <ClCompile Include="source\Graphics\Texture.cpp">
      <Filter>Source Files\Graphic</Filter>
    </ClCompile>
    <ClCompile Include="source\Integrators\tmp\EulerIntegrater.cpp">
      <Filter>Source Files\Integrators\tmp</Filter>
    </ClCompile>
    <ClCompile Include="source\Integrators\tmp\VerletIntegrater.cpp">
      <Filter>Source Files\Integrators\tmp</Filter>
    </ClCompile>
    <ClCompile Include="source\Integrators\linearSolver.cpp">
      <Filter>Source Files\Integrators</Filter>
    </ClCompile>
    <ClCompile Include="source\Integrators\Solver.cpp">
      <Filter>Source Files\Integrators</Filter>
    </ClCompile>
    <ClCompile Include="source\Particle\Force\Force.cpp">
      <Filter>Source Files</Filter>
    </ClCompile>
    <ClCompile Include="source\Particle\Force\SpringForce.cpp">
      <Filter>Source Files</Filter>
    </ClCompile>
    <ClCompile Include="source\Particle\Force\Gravity.cpp">
      <Filter>Source Files</Filter>
    </ClCompile>
    <ClCompile Include="source\Integrators\Integrator.cpp">
      <Filter>Source Files</Filter>
    </ClCompile>
    <ClCompile Include="source\Integrators\ImplicitIntegrator.cpp">
      <Filter>Source Files\Integrators\tmp</Filter>
    </ClCompile>
    <ClCompile Include="source\Particle\Constraint\CircularWireConstraint.cpp">
      <Filter>Source Files</Filter>
    </ClCompile>
    <ClCompile Include="source\Particle\Constraint\Constraint.cpp">
      <Filter>Source Files</Filter>
    </ClCompile>
    <ClCompile Include="source\Particle\Constraint\RodConstraint.cpp">
      <Filter>Source Files</Filter>
    </ClCompile>
    <ClCompile Include="source\Integrators\EulerIntegrator.cpp">
      <Filter>Source Files</Filter>
    </ClCompile>
    <ClCompile Include="source\Integrators\MidPointIntegrator.cpp">
      <Filter>Source Files</Filter>
    </ClCompile>
    <ClCompile Include="source\Integrators\RungeKutta.cpp">
      <Filter>Source Files</Filter>
    </ClCompile>
    <ClCompile Include="source\Integrators\ConstraintSolver.cpp">
      <Filter>Source Files</Filter>
    </ClCompile>
  </ItemGroup>
</Project>